
Microsoft Visual Studio Solution File, Format Version 12.00
# Visual Studio Version 16
VisualStudioVersion = 16.0.32510.428
MinimumVisualStudioVersion = 10.0.40219.1
Project("{FAE04EC0-301F-11D3-BF4B-00C04F79EFBC}") = "ConsoleApp115", "ConsoleApp115.csproj", "{E11A3100-D6AB-4C62-97E2-07CD606E5F92}"
EndProject
Global
	GlobalSection(SolutionConfigurationPlatforms) = preSolution
		Debug|Any CPU = Debug|Any CPU
		Release|Any CPU = Release|Any CPU
	EndGlobalSection
	GlobalSection(ProjectConfigurationPlatforms) = postSolution
		{E11A3100-D6AB-4C62-97E2-07CD606E5F92}.Debug|Any CPU.ActiveCfg = Debug|Any CPU
		{E11A3100-D6AB-4C62-97E2-07CD606E5F92}.Debug|Any CPU.Build.0 = Debug|Any CPU
		{E11A3100-D6AB-4C62-97E2-07CD606E5F92}.Release|Any CPU.ActiveCfg = Release|Any CPU
		{E11A3100-D6AB-4C62-97E2-07CD606E5F92}.Release|Any CPU.Build.0 = Release|Any CPU
	EndGlobalSection
	GlobalSection(SolutionProperties) = preSolution
		HideSolutionNode = FALSE
	EndGlobalSection
	GlobalSection(ExtensibilityGlobals) = postSolution
		SolutionGuid = {8066BFD0-7E60-48EA-9FE0-27C92D357EB7}
	EndGlobalSection
EndGlobal
